[{<<"bbmustache">>,
  {git,"git://github.com/soranoba/bbmustache.git",
       {ref,"d731d93e351a2ae567f93c4991c3f421626fab5c"}},
  0},
 {<<"cowboy">>,
  {git,"git://github.com/ninenines/cowboy.git",
       {ref,"e80291fbdc23727cc3a45ff43e94c0aa6b4f96b4"}},
  0},
 {<<"cowlib">>,
  {git,"git://github.com/ninenines/cowlib.git",
       {ref,"8cf98c9f3d1292c1b08fca5ca99772ae912eaa86"}},
  1},
 {<<"getopt">>,
  {git,"https://github.com/roowe/getopt",
       {ref,"31ea8a77b094b7e860ad10a510428b1ff208f39d"}},
  0},
 {<<"goldrush">>,
  {git,"git://github.com/DeadZen/goldrush.git",
       {ref,"212299233c7e7eb63a97be2777e1c05ebaa58dbe"}},
  1},
 {<<"ibrowse">>,
  {git,"https://github.com/cmullaparthi/ibrowse",
       {ref,"7529807170cf3c8f6a8c5c95526e670420ff591b"}},
  0},
 {<<"jiffy">>,
  {git,"https://github.com/davisp/jiffy",
       {ref,"4c0bfbc0fa0de12dcc4ff263888eeaa431ae6ed2"}},
  0},
 {<<"lager">>,
  {git,"https://github.com/basho/lager",
       {ref,"bce5504a955e52be8d5cf4b3c6b1fcd898ab5756"}},
  0},
 {<<"ranch">>,
  {git,"git://github.com/ninenines/ranch.git",
       {ref,"ad8c04cb721fe911db7c23b6a0d51d4d5dba82af"}},
  1},
 {<<"reloader">>,
  {git,"https://github.com/roowe/reloader",
       {ref,"bddd3d366afbf75b9a48eaca21b31afd0f21ffb6"}},
  0}].
